{
  "name": "PayPal hackathon",
  "lockfileVersion": 3,
  "requires": true,
  "packages": {
    "": {
      "dependencies": {
        "@bryntum/scheduler": "npm:@bryntum/scheduler-trial@^7.3.7"
      }
    },
    "node_modules/@bryntum/scheduler": {
      "name": "@bryntum/scheduler-trial",
      "version": "7.3.7",
      "resolved": "https://registry.npmjs.org/@bryntum/scheduler-trial/-/scheduler-trial-7.3.7.tgz",
      "integrity": "sha512-O5qpP6cmdgUZ6OelP7IqmJ6ZqSN4h2aqqsUP4maoagvNl9xl8jMYdzT9W3VrIXaFHbNRsNbeFa9eDWTP2oNOFA==",
      "hasInstallScript": true,
      "license": "Commercial",
      "dependencies": {
        "@bryntum/scheduler-trial-lib": "1.0.1"
      },
      "engines": {
        "node": ">=0.10.0"
      }
    },
    "node_modules/@bryntum/scheduler-trial-lib": {
      "version": "1.0.1",
      "resolved": "https://registry.npmjs.org/@bryntum/scheduler-trial-lib/-/scheduler-trial-lib-1.0.1.tgz",
      "integrity": "sha512-gTrNKz2O7JdNalEU9hma0fYyZ1mGhXXb6yCn/+E+SPjRyg/qFad1bQ7vfBUFitw3S3eB66IdtAZLD+QCtiIUKw==",
      "hasInstallScript": true,
      "license": "Commercial"
    }
  }
}
